
Microsoft Visual Studio Solution File, Format Version 12.00
# Visual Studio 15
VisualStudioVersion = 15.0.28307.168
MinimumVisualStudioVersion = 10.0.40219.1
Project("{FAE04EC0-301F-11D3-BF4B-00C04F79EFBC}") = "sign in", "sign in\sign in.csproj", "{BE818DEB-A91F-4297-A8B1-4AFCD8836F19}"
EndProject
Global
	GlobalSection(SolutionConfigurationPlatforms) = preSolution
		Debug|Any CPU = Debug|Any CPU
		Release|Any CPU = Release|Any CPU
	EndGlobalSection
	GlobalSection(ProjectConfigurationPlatforms) = postSolution
		{BE818DEB-A91F-4297-A8B1-4AFCD8836F19}.Debug|Any CPU.ActiveCfg = Debug|Any CPU
		{BE818DEB-A91F-4297-A8B1-4AFCD8836F19}.Debug|Any CPU.Build.0 = Debug|Any CPU
		{BE818DEB-A91F-4297-A8B1-4AFCD8836F19}.Release|Any CPU.ActiveCfg = Release|Any CPU
		{BE818DEB-A91F-4297-A8B1-4AFCD8836F19}.Release|Any CPU.Build.0 = Release|Any CPU
	EndGlobalSection
	GlobalSection(SolutionProperties) = preSolution
		HideSolutionNode = FALSE
	EndGlobalSection
	GlobalSection(ExtensibilityGlobals) = postSolution
		SolutionGuid = {21DC640D-AEC5-4013-A4E5-3E59335553FD}
	EndGlobalSection
EndGlobal
