
Microsoft Visual Studio Solution File, Format Version 12.00
# Visual Studio 15
VisualStudioVersion = 15.0.28307.572
MinimumVisualStudioVersion = 10.0.40219.1
Project("{FAE04EC0-301F-11D3-BF4B-00C04F79EFBC}") = "sign-in[BackEnd]", "sign-in[BackEnd]\sign-in[BackEnd].csproj", "{736D6511-84CA-4C8E-B806-CC0157CDB91E}"
EndProject
Global
	GlobalSection(SolutionConfigurationPlatforms) = preSolution
		Debug|Any CPU = Debug|Any CPU
		Release|Any CPU = Release|Any CPU
	EndGlobalSection
	GlobalSection(ProjectConfigurationPlatforms) = postSolution
		{736D6511-84CA-4C8E-B806-CC0157CDB91E}.Debug|Any CPU.ActiveCfg = Debug|Any CPU
		{736D6511-84CA-4C8E-B806-CC0157CDB91E}.Debug|Any CPU.Build.0 = Debug|Any CPU
		{736D6511-84CA-4C8E-B806-CC0157CDB91E}.Release|Any CPU.ActiveCfg = Release|Any CPU
		{736D6511-84CA-4C8E-B806-CC0157CDB91E}.Release|Any CPU.Build.0 = Release|Any CPU
	EndGlobalSection
	GlobalSection(SolutionProperties) = preSolution
		HideSolutionNode = FALSE
	EndGlobalSection
	GlobalSection(ExtensibilityGlobals) = postSolution
		SolutionGuid = {272B5C68-6C5F-40F9-BAD3-0E6FD3BB2BF5}
	EndGlobalSection
EndGlobal
